
Microsoft Visual Studio Solution File, Format Version 12.00
Project("{FAE04EC0-301F-11D3-BF4B-00C04F79EFBC}") = "foo", "foo\foo.csproj", "{53CEE212-33B3-48E2-8E41-06FB173F8B78}"
EndProject
Global
	GlobalSection(SolutionConfigurationPlatforms) = preSolution
		Debug|Any CPU = Debug|Any CPU
		Release|Any CPU = Release|Any CPU
	EndGlobalSection
	GlobalSection(ProjectConfigurationPlatforms) = postSolution
		{53CEE212-33B3-48E2-8E41-06FB173F8B78}.Debug|Any CPU.ActiveCfg = Debug|Any CPU
		{53CEE212-33B3-48E2-8E41-06FB173F8B78}.Debug|Any CPU.Build.0 = Debug|Any CPU
		{53CEE212-33B3-48E2-8E41-06FB173F8B78}.Release|Any CPU.ActiveCfg = Release|Any CPU
		{53CEE212-33B3-48E2-8E41-06FB173F8B78}.Release|Any CPU.Build.0 = Release|Any CPU
	EndGlobalSection
EndGlobal
